
Microsoft Visual Studio Solution File, Format Version 12.00
# Visual Studio 15
VisualStudioVersion = 15.0.27130.2010
MinimumVisualStudioVersion = 10.0.40219.1
Project("{FAE04EC0-301F-11D3-BF4B-00C04F79EFBC}") = "Parkano2018Bot", "Parkano2018Bot\Parkano2018Bot.csproj", "{B1703FE9-C03F-4797-8C69-BD5521B94066}"
EndProject
Global
	GlobalSection(SolutionConfigurationPlatforms) = preSolution
		Debug|Any CPU = Debug|Any CPU
		Release|Any CPU = Release|Any CPU
	EndGlobalSection
	GlobalSection(ProjectConfigurationPlatforms) = postSolution
		{B1703FE9-C03F-4797-8C69-BD5521B94066}.Debug|Any CPU.ActiveCfg = Debug|Any CPU
		{B1703FE9-C03F-4797-8C69-BD5521B94066}.Debug|Any CPU.Build.0 = Debug|Any CPU
		{B1703FE9-C03F-4797-8C69-BD5521B94066}.Release|Any CPU.ActiveCfg = Release|Any CPU
		{B1703FE9-C03F-4797-8C69-BD5521B94066}.Release|Any CPU.Build.0 = Release|Any CPU
	EndGlobalSection
	GlobalSection(SolutionProperties) = preSolution
		HideSolutionNode = FALSE
	EndGlobalSection
	GlobalSection(ExtensibilityGlobals) = postSolution
		SolutionGuid = {3EC1C140-9E62-458D-8A9A-2592085BA842}
	EndGlobalSection
EndGlobal
